
Microsoft Visual Studio Solution File, Format Version 12.00
# Visual Studio Version 16
VisualStudioVersion = 16.0.31624.102
MinimumVisualStudioVersion = 10.0.40219.1
Project("{9A19103F-16F7-4668-BE54-9A1E7A4F7556}") = "CoffeeMakerDemo", "CoffeeMakerDemo\CoffeeMakerDemo.csproj", "{DDDD7E13-246B-41FE-8236-3A85B44087E9}"
EndProject
Project("{FAE04EC0-301F-11D3-BF4B-00C04F79EFBC}") = "CoffeeMakerTesting", "CoffeeMakerTesting\CoffeeMakerTesting.csproj", "{359A1E75-1401-4F77-A48E-EB6BFA3990CE}"
EndProject
Global
	GlobalSection(SolutionConfigurationPlatforms) = preSolution
		Debug|Any CPU = Debug|Any CPU
		Release|Any CPU = Release|Any CPU
	EndGlobalSection
	GlobalSection(ProjectConfigurationPlatforms) = postSolution
		{DDDD7E13-246B-41FE-8236-3A85B44087E9}.Debug|Any CPU.ActiveCfg = Debug|Any CPU
		{DDDD7E13-246B-41FE-8236-3A85B44087E9}.Debug|Any CPU.Build.0 = Debug|Any CPU
		{DDDD7E13-246B-41FE-8236-3A85B44087E9}.Release|Any CPU.ActiveCfg = Release|Any CPU
		{DDDD7E13-246B-41FE-8236-3A85B44087E9}.Release|Any CPU.Build.0 = Release|Any CPU
		{359A1E75-1401-4F77-A48E-EB6BFA3990CE}.Debug|Any CPU.ActiveCfg = Debug|Any CPU
		{359A1E75-1401-4F77-A48E-EB6BFA3990CE}.Debug|Any CPU.Build.0 = Debug|Any CPU
		{359A1E75-1401-4F77-A48E-EB6BFA3990CE}.Release|Any CPU.ActiveCfg = Release|Any CPU
		{359A1E75-1401-4F77-A48E-EB6BFA3990CE}.Release|Any CPU.Build.0 = Release|Any CPU
	EndGlobalSection
	GlobalSection(SolutionProperties) = preSolution
		HideSolutionNode = FALSE
	EndGlobalSection
	GlobalSection(ExtensibilityGlobals) = postSolution
		SolutionGuid = {B81D8769-D840-43D7-974F-4A640EC70430}
	EndGlobalSection
EndGlobal
